// !$*UTF8*$!
{
	archiveVersion = 1;
	classes = {
	};
	objectVersion = 51;
	objects = {

/* Begin PBXBuildFile section */
		3D1AB64311C4CE6C7512DDA5 /* Pods_Part_of_Space.framework in Frameworks */ = {isa = PBXBuildFile; fileRef = 8E5E340815065F9F2ACB0BA7 /* Pods_Part_of_Space.framework */; };
		A1438F6B26AACF8C00325CE4 /* AppDelegate.swift in Sources */ = {isa = PBXBuildFile; fileRef = A1438F6A26AACF8C00325CE4 /* AppDelegate.swift */; };
		A1438F6D26AACF8C00325CE4 /* SceneDelegate.swift in Sources */ = {isa = PBXBuildFile; fileRef = A1438F6C26AACF8C00325CE4 /* SceneDelegate.swift */; };
		A1438F6F26AACF8C00325CE4 /* ViewController.swift in Sources */ = {isa = PBXBuildFile; fileRef = A1438F6E26AACF8C00325CE4 /* ViewController.swift */; };
		A1438F7226AACF8C00325CE4 /* Main.storyboard in Resources */ = {isa = PBXBuildFile; fileRef = A1438F7026AACF8C00325CE4 /* Main.storyboard */; };
		A1438F7426AACF8D00325CE4 /* Assets.xcassets in Resources */ = {isa = PBXBuildFile; fileRef = A1438F7326AACF8D00325CE4 /* Assets.xcassets */; };
		A1438F7726AACF8D00325CE4 /* LaunchScreen.storyboard in Resources */ = {isa = PBXBuildFile; fileRef = A1438F7526AACF8D00325CE4 /* LaunchScreen.storyboard */; };
		A1438F7F26ABF52F00325CE4 /* GoogleService-Info.plist in Resources */ = {isa = PBXBuildFile; fileRef = A1438F7E26ABF52F00325CE4 /* GoogleService-Info.plist */; };
		A1FD7E1826AC2A530094BF35 /* firebaseNote01.swift in Sources */ = {isa = PBXBuildFile; fileRef = A1FD7E1726AC2A530094BF35 /* firebaseNote01.swift */; };
/* End PBXBuildFile section */

/* Begin PBXFileReference section */
		0EEA6DF8FDEF942CC6C0118F /* Pods-Part-of-Space.release.xcconfig */ = {isa = PBXFileReference; includeInIndex = 1; lastKnownFileType = text.xcconfig; name = "Pods-Part-of-Space.release.xcconfig"; path = "Target Support Files/Pods-Part-of-Space/Pods-Part-of-Space.release.xcconfig"; sourceTree = "<group>"; };
		1A4593795E4BA826EC143D37 /* Pods-Part-of-Space.debug.xcconfig */ = {isa = PBXFileReference; includeInIndex = 1; lastKnownFileType = text.xcconfig; name = "Pods-Part-of-Space.debug.xcconfig"; path = "Target Support Files/Pods-Part-of-Space/Pods-Part-of-Space.debug.xcconfig"; sourceTree = "<group>"; };
		8E5E340815065F9F2ACB0BA7 /* Pods_Part_of_Space.framework */ = {isa = PBXFileReference; explicitFileType = wrapper.framework; includeInIndex = 0; path = Pods_Part_of_Space.framework; sourceTree = BUILT_PRODUCTS_DIR; };
		A1438F6726AACF8C00325CE4 /* Part-of-Space.app */ = {isa = PBXFileReference; explicitFileType = wrapper.application; includeInIndex = 0; path = "Part-of-Space.app"; sourceTree = BUILT_PRODUCTS_DIR; };
		A1438F6A26AACF8C00325CE4 /* AppDelegate.swift */ = {isa = PBXFileReference; lastKnownFileType = sourcecode.swift; path = AppDelegate.swift; sourceTree = "<group>"; };
		A1438F6C26AACF8C00325CE4 /* SceneDelegate.swift */ = {isa = PBXFileReference; lastKnownFileType = sourcecode.swift; path = SceneDelegate.swift; sourceTree = "<group>"; };
		A1438F6E26AACF8C00325CE4 /* ViewController.swift */ = {isa = PBXFileReference; lastKnownFileType = sourcecode.swift; path = ViewController.swift; sourceTree = "<group>"; };
		A1438F7126AACF8C00325CE4 /* Base */ = {isa = PBXFileReference; lastKnownFileType = file.storyboard; name = Base; path = Base.lproj/Main.storyboard; sourceTree = "<group>"; };
		A1438F7326AACF8D00325CE4 /* Assets.xcassets */ = {isa = PBXFileReference; lastKnownFileType = folder.assetcatalog; path = Assets.xcassets; sourceTree = "<group>"; };
		A1438F7626AACF8D00325CE4 /* Base */ = {isa = PBXFileReference; lastKnownFileType = file.storyboard; name = Base; path = Base.lproj/LaunchScreen.storyboard; sourceTree = "<group>"; };
		A1438F7826AACF8D00325CE4 /* Info.plist */ = {isa = PBXFileReference; lastKnownFileType = text.plist.xml; path = Info.plist; sourceTree = "<group>"; };
		A1438F7E26ABF52F00325CE4 /* GoogleService-Info.plist */ = {isa = PBXFileReference; lastKnownFileType = text.plist; path = "GoogleService-Info.plist"; sourceTree = SOURCE_ROOT; };
		A1FD7E1726AC2A530094BF35 /* firebaseNote01.swift */ = {isa = PBXFileReference; lastKnownFileType = sourcecode.swift; path = firebaseNote01.swift; sourceTree = "<group>"; };
/* End PBXFileReference section */

/* Begin PBXFrameworksBuildPhase section */
		A1438F6426AACF8C00325CE4 /* Frameworks */ = {
			isa = PBXFrameworksBuildPhase;
			buildActionMask = 2147483647;
			files = (
				3D1AB64311C4CE6C7512DDA5 /* Pods_Part_of_Space.framework in Frameworks */,
			);
			runOnlyForDeploymentPostprocessing = 0;
		};
/* End PBXFrameworksBuildPhase section */

/* Begin PBXGroup section */
		7979CF59EAC27DCF19728D1C /* Frameworks */ = {
			isa = PBXGroup;
			children = (
				8E5E340815065F9F2ACB0BA7 /* Pods_Part_of_Space.framework */,
			);
			name = Frameworks;
			sourceTree = "<group>";
		};
		80D21E97CC62E3819EDA4B0E /* Pods */ = {
			isa = PBXGroup;
			children = (
				1A4593795E4BA826EC143D37 /* Pods-Part-of-Space.debug.xcconfig */,
				0EEA6DF8FDEF942CC6C0118F /* Pods-Part-of-Space.release.xcconfig */,
			);
			path = Pods;
			sourceTree = "<group>";
		};
		A1438F5E26AACF8C00325CE4 = {
			isa = PBXGroup;
			children = (
				A1438F6926AACF8C00325CE4 /* Part-of-Space */,
				A1438F6826AACF8C00325CE4 /* Products */,
				80D21E97CC62E3819EDA4B0E /* Pods */,
				7979CF59EAC27DCF19728D1C /* Frameworks */,
			);
			sourceTree = "<group>";
		};
		A1438F6826AACF8C00325CE4 /* Products */ = {
			isa = PBXGroup;
			children = (
				A1438F6726AACF8C00325CE4 /* Part-of-Space.app */,
			);
			name = Products;
			sourceTree = "<group>";
		};
		A1438F6926AACF8C00325CE4 /* Part-of-Space */ = {
			isa = PBXGroup;
			children = (
				A1438F6A26AACF8C00325CE4 /* AppDelegate.swift */,
				A1438F6C26AACF8C00325CE4 /* SceneDelegate.swift */,
				A1438F6E26AACF8C00325CE4 /* ViewController.swift */,
				A1FD7E1726AC2A530094BF35 /* firebaseNote01.swift */,
				A1438F7026AACF8C00325CE4 /* Main.storyboard */,
				A1438F7326AACF8D00325CE4 /* Assets.xcassets */,
				A1438F7526AACF8D00325CE4 /* LaunchScreen.storyboard */,
				A1438F7E26ABF52F00325CE4 /* GoogleService-Info.plist */,
				A1438F7826AACF8D00325CE4 /* Info.plist */,
			);
			path = "Part-of-Space";
			sourceTree = "<group>";
		};
/* End PBXGroup section */

/* Begin PBXNativeTarget section */
		A1438F6626AACF8C00325CE4 /* Part-of-Space */ = {
			isa = PBXNativeTarget;
			buildConfigurationList = A1438F7B26AACF8D00325CE4 /* Build configuration list for PBXNativeTarget "Part-of-Space" */;
			buildPhases = (
				BCDD31099DC64756A8D04AE5 /* [CP] Check Pods Manifest.lock */,
				A1438F6326AACF8C00325CE4 /* Sources */,
				A1438F6426AACF8C00325CE4 /* Frameworks */,
				A1438F6526AACF8C00325CE4 /* Resources */,
				A97C9614B776EA323C9643CD /* [CP] Embed Pods Frameworks */,
			);
			buildRules = (
			);
			dependencies = (
			);
			name = "Part-of-Space";
			productName = "Part-of-Space";
			productReference = A1438F6726AACF8C00325CE4 /* Part-of-Space.app */;
			productType = "com.apple.product-type.application";
		};
/* End PBXNativeTarget section */

/* Begin PBXProject section */
		A1438F5F26AACF8C00325CE4 /* Project object */ = {
			isa = PBXProject;
			attributes = {
				LastSwiftUpdateCheck = 1250;
				LastUpgradeCheck = 1250;
				TargetAttributes = {
					A1438F6626AACF8C00325CE4 = {
						CreatedOnToolsVersion = 12.5.1;
					};
				};
			};
			buildConfigurationList = A1438F6226AACF8C00325CE4 /* Build configuration list for PBXProject "Part-of-Space" */;
			compatibilityVersion = "Xcode 9.3";
			developmentRegion = en;
			hasScannedForEncodings = 0;
			knownRegions = (
				en,
				Base,
			);
			mainGroup = A1438F5E26AACF8C00325CE4;
			productRefGroup = A1438F6826AACF8C00325CE4 /* Products */;
			projectDirPath = "";
			projectRoot = "";
			targets = (
				A1438F6626AACF8C00325CE4 /* Part-of-Space */,
			);
		};
/* End PBXProject section */

/* Begin PBXResourcesBuildPhase section */
		A1438F6526AACF8C00325CE4 /* Resources */ = {
			isa = PBXResourcesBuildPhase;
			buildActionMask = 2147483647;
			files = (
				A1438F7726AACF8D00325CE4 /* LaunchScreen.storyboard in Resources */,
				A1438F7F26ABF52F00325CE4 /* GoogleService-Info.plist in Resources */,
				A1438F7426AACF8D00325CE4 /* Assets.xcassets in Resources */,
				A1438F7226AACF8C00325CE4 /* Main.storyboard in Resources */,
			);
			runOnlyForDeploymentPostprocessing = 0;
		};
/* End PBXResourcesBuildPhase section */

/* Begin PBXShellScriptBuildPhase section */
		A97C9614B776EA323C9643CD /* [CP] Embed Pods Frameworks */ = {
			isa = PBXShellScriptBuildPhase;
			buildActionMask = 2147483647;
			files = (
			);
			inputFileListPaths = (
				"${PODS_ROOT}/Target Support Files/Pods-Part-of-Space/Pods-Part-of-Space-frameworks-${CONFIGURATION}-input-files.xcfilelist",
			);
			name = "[CP] Embed Pods Frameworks";
			outputFileListPaths = (
				"${PODS_ROOT}/Target Support Files/Pods-Part-of-Space/Pods-Part-of-Space-frameworks-${CONFIGURATION}-output-files.xcfilelist",
			);
			runOnlyForDeploymentPostprocessing = 0;
			shellPath = /bin/sh;
			shellScript = "\"${PODS_ROOT}/Target Support Files/Pods-Part-of-Space/Pods-Part-of-Space-frameworks.sh\"\n";
			showEnvVarsInLog = 0;
		};
		BCDD31099DC64756A8D04AE5 /* [CP] Check Pods Manifest.lock */ = {
			isa = PBXShellScriptBuildPhase;
			buildActionMask = 2147483647;
			files = (
			);
			inputFileListPaths = (
			);
			inputPaths = (
				"${PODS_PODFILE_DIR_PATH}/Podfile.lock",
				"${PODS_ROOT}/Manifest.lock",
			);
			name = "[CP] Check Pods Manifest.lock";
			outputFileListPaths = (
			);
			outputPaths = (
				"$(DERIVED_FILE_DIR)/Pods-Part-of-Space-checkManifestLockResult.txt",
			);
			runOnlyForDeploymentPostprocessing = 0;
			shellPath = /bin/sh;
			shellScript = "diff \"${PODS_PODFILE_DIR_PATH}/Podfile.lock\" \"${PODS_ROOT}/Manifest.lock\" > /dev/null\nif [ $? != 0 ] ; then\n    # print error to STDERR\n    echo \"error: The sandbox is not in sync with the Podfile.lock. Run 'pod install' or update your CocoaPods installation.\" >&2\n    exit 1\nfi\n# This output is used by Xcode 'outputs' to avoid re-running this script phase.\necho \"SUCCESS\" > \"${SCRIPT_OUTPUT_FILE_0}\"\n";
			showEnvVarsInLog = 0;
		};
/* End PBXShellScriptBuildPhase section */

/* Begin PBXSourcesBuildPhase section */
		A1438F6326AACF8C00325CE4 /* Sources */ = {
			isa = PBXSourcesBuildPhase;
			buildActionMask = 2147483647;
			files = (
				A1FD7E1826AC2A530094BF35 /* firebaseNote01.swift in Sources */,
				A1438F6F26AACF8C00325CE4 /* ViewController.swift in Sources */,
				A1438F6B26AACF8C00325CE4 /* AppDelegate.swift in Sources */,
				A1438F6D26AACF8C00325CE4 /* SceneDelegate.swift in Sources */,
			);
			runOnlyForDeploymentPostprocessing = 0;
		};
/* End PBXSourcesBuildPhase section */

/* Begin PBXVariantGroup section */
		A1438F7026AACF8C00325CE4 /* Main.storyboard */ = {
			isa = PBXVariantGroup;
			children = (
				A1438F7126AACF8C00325CE4 /* Base */,
			);
			name = Main.storyboard;
			sourceTree = "<group>";
		};
		A1438F7526AACF8D00325CE4 /* LaunchScreen.storyboard */ = {
			isa = PBXVariantGroup;
			children = (
				A1438F7626AACF8D00325CE4 /* Base */,
			);
			name = LaunchScreen.storyboard;
			sourceTree = "<group>";
		};
/* End PBXVariantGroup section */

/* Begin XCBuildConfiguration section */
		A1438F7926AACF8D00325CE4 /* Debug */ = {
			isa = XCBuildConfiguration;
			buildSettings = {
				ALWAYS_SEARCH_USER_PATHS = NO;
				CLANG_ANALYZER_NONNULL = YES;
				CLANG_ANALYZER_NUMBER_OBJECT_CONVERSION = YES_AGGRESSIVE;
				CLANG_CXX_LANGUAGE_STANDARD = "gnu++14";
				CLANG_CXX_LIBRARY = "libc++";
				CLANG_ENABLE_MODULES = YES;
				CLANG_ENABLE_OBJC_ARC = YES;
				CLANG_ENABLE_OBJC_WEAK = YES;
				CLANG_WARN_BLOCK_CAPTURE_AUTORELEASING = YES;
				CLANG_WARN_BOOL_CONVERSION = YES;
				CLANG_WARN_COMMA = YES;
				CLANG_WARN_CONSTANT_CONVERSION = YES;
				CLANG_WARN_DEPRECATED_OBJC_IMPLEMENTATIONS = YES;
				CLANG_WARN_DIRECT_OBJC_ISA_USAGE = YES_ERROR;
				CLANG_WARN_DOCUMENTATION_COMMENTS = YES;
				CLANG_WARN_EMPTY_BODY = YES;
				CLANG_WARN_ENUM_CONVERSION = YES;
				CLANG_WARN_INFINITE_RECURSION = YES;
				CLANG_WARN_INT_CONVERSION = YES;
				CLANG_WARN_NON_LITERAL_NULL_CONVERSION = YES;
				CLANG_WARN_OBJC_IMPLICIT_RETAIN_SELF = YES;
				CLANG_WARN_OBJC_LITERAL_CONVERSION = YES;
				CLANG_WARN_OBJC_ROOT_CLASS = YES_ERROR;
				CLANG_WARN_QUOTED_INCLUDE_IN_FRAMEWORK_HEADER = YES;
				CLANG_WARN_RANGE_LOOP_ANALYSIS = YES;
				CLANG_WARN_STRICT_PROTOTYPES = YES;
				CLANG_WARN_SUSPICIOUS_MOVE = YES;
				CLANG_WARN_UNGUARDED_AVAILABILITY = YES_AGGRESSIVE;
				CLANG_WARN_UNREACHABLE_CODE = YES;
				CLANG_WARN__DUPLICATE_METHOD_MATCH = YES;
				COPY_PHASE_STRIP = NO;
				DEBUG_INFORMATION_FORMAT = dwarf;
				ENABLE_STRICT_OBJC_MSGSEND = YES;
				ENABLE_TESTABILITY = YES;
				GCC_C_LANGUAGE_STANDARD = gnu11;
				GCC_DYNAMIC_NO_PIC = NO;
				GCC_NO_COMMON_BLOCKS = YES;
				GCC_OPTIMIZATION_LEVEL = 0;
				GCC_PREPROCESSOR_DEFINITIONS = (
					"DEBUG=1",
					"$(inherited)",
				);
				GCC_WARN_64_TO_32_BIT_CONVERSION = YES;
				GCC_WARN_ABOUT_RETURN_TYPE = YES_ERROR;
				GCC_WARN_UNDECLARED_SELECTOR = YES;
				GCC_WARN_UNINITIALIZED_AUTOS = YES_AGGRESSIVE;
				GCC_WARN_UNUSED_FUNCTION = YES;
				GCC_WARN_UNUSED_VARIABLE = YES;
				IPHONEOS_DEPLOYMENT_TARGET = 14.5;
				MTL_ENABLE_DEBUG_INFO = INCLUDE_SOURCE;
				MTL_FAST_MATH = YES;
				ONLY_ACTIVE_ARCH = YES;
				SDKROOT = iphoneos;
				SWIFT_ACTIVE_COMPILATION_CONDITIONS = DEBUG;
				SWIFT_OPTIMIZATION_LEVEL = "-Onone";
			};
			name = Debug;
		};
		A1438F7A26AACF8D00325CE4 /* Release */ = {
			isa = XCBuildConfiguration;
			buildSettings = {
				ALWAYS_SEARCH_USER_PATHS = NO;
				CLANG_ANALYZER_NONNULL = YES;
				CLANG_ANALYZER_NUMBER_OBJECT_CONVERSION = YES_AGGRESSIVE;
				CLANG_CXX_LANGUAGE_STANDARD = "gnu++14";
				CLANG_CXX_LIBRARY = "libc++";
				CLANG_ENABLE_MODULES = YES;
				CLANG_ENABLE_OBJC_ARC = YES;
				CLANG_ENABLE_OBJC_WEAK = YES;
				CLANG_WARN_BLOCK_CAPTURE_AUTORELEASING = YES;
				CLANG_WARN_BOOL_CONVERSION = YES;
				CLANG_WARN_COMMA = YES;
				CLANG_WARN_CONSTANT_CONVERSION = YES;
				CLANG_WARN_DEPRECATED_OBJC_IMPLEMENTATIONS = YES;
				CLANG_WARN_DIRECT_OBJC_ISA_USAGE = YES_ERROR;
				CLANG_WARN_DOCUMENTATION_COMMENTS = YES;
				CLANG_WARN_EMPTY_BODY = YES;
				CLANG_WARN_ENUM_CONVERSION = YES;
				CLANG_WARN_INFINITE_RECURSION = YES;
				CLANG_WARN_INT_CONVERSION = YES;
				CLANG_WARN_NON_LITERAL_NULL_CONVERSION = YES;
				CLANG_WARN_OBJC_IMPLICIT_RETAIN_SELF = YES;
				CLANG_WARN_OBJC_LITERAL_CONVERSION = YES;
				CLANG_WARN_OBJC_ROOT_CLASS = YES_ERROR;
				CLANG_WARN_QUOTED_INCLUDE_IN_FRAMEWORK_HEADER = YES;
				CLANG_WARN_RANGE_LOOP_ANALYSIS = YES;
				CLANG_WARN_STRICT_PROTOTYPES = YES;
				CLANG_WARN_SUSPICIOUS_MOVE = YES;
				CLANG_WARN_UNGUARDED_AVAILABILITY = YES_AGGRESSIVE;
				CLANG_WARN_UNREACHABLE_CODE = YES;
				CLANG_WARN__DUPLICATE_METHOD_MATCH = YES;
				COPY_PHASE_STRIP = NO;
				DEBUG_INFORMATION_FORMAT = "dwarf-with-dsym";
				ENABLE_NS_ASSERTIONS = NO;
				ENABLE_STRICT_OBJC_MSGSEND = YES;
				GCC_C_LANGUAGE_STANDARD = gnu11;
				GCC_NO_COMMON_BLOCKS = YES;
				GCC_WARN_64_TO_32_BIT_CONVERSION = YES;
				GCC_WARN_ABOUT_RETURN_TYPE = YES_ERROR;
				GCC_WARN_UNDECLARED_SELECTOR = YES;
				GCC_WARN_UNINITIALIZED_AUTOS = YES_AGGRESSIVE;
				GCC_WARN_UNUSED_FUNCTION = YES;
				GCC_WARN_UNUSED_VARIABLE = YES;
				IPHONEOS_DEPLOYMENT_TARGET = 14.5;
				MTL_ENABLE_DEBUG_INFO = NO;
				MTL_FAST_MATH = YES;
				SDKROOT = iphoneos;
				SWIFT_COMPILATION_MODE = wholemodule;
				SWIFT_OPTIMIZATION_LEVEL = "-O";
				VALIDATE_PRODUCT = YES;
			};
			name = Release;
		};
		A1438F7C26AACF8D00325CE4 /* Debug */ = {
			isa = XCBuildConfiguration;
			baseConfigurationReference = 1A4593795E4BA826EC143D37 /* Pods-Part-of-Space.debug.xcconfig */;
			buildSettings = {
				ASSETCATALOG_COMPILER_APPICON_NAME = AppIcon;
				ASSETCATALOG_COMPILER_GLOBAL_ACCENT_COLOR_NAME = AccentColor;
				CODE_SIGN_STYLE = Automatic;
				DEVELOPMENT_TEAM = H3NDD4F3X7;
				INFOPLIST_FILE = "Part-of-Space/Info.plist";
				LD_RUNPATH_SEARCH_PATHS = (
					"$(inherited)",
					"@executable_path/Frameworks",
				);
				PRODUCT_BUNDLE_IDENTIFIER = "com.taipeinerd.Part-of-Space";
				PRODUCT_NAME = "$(TARGET_NAME)";
				SWIFT_VERSION = 5.0;
				TARGETED_DEVICE_FAMILY = "1,2";
			};
			name = Debug;
		};
		A1438F7D26AACF8D00325CE4 /* Release */ = {
			isa = XCBuildConfiguration;
			baseConfigurationReference = 0EEA6DF8FDEF942CC6C0118F /* Pods-Part-of-Space.release.xcconfig */;
			buildSettings = {
				ASSETCATALOG_COMPILER_APPICON_NAME = AppIcon;
				ASSETCATALOG_COMPILER_GLOBAL_ACCENT_COLOR_NAME = AccentColor;
				CODE_SIGN_STYLE = Automatic;
				DEVELOPMENT_TEAM = H3NDD4F3X7;
				INFOPLIST_FILE = "Part-of-Space/Info.plist";
				LD_RUNPATH_SEARCH_PATHS = (
					"$(inherited)",
					"@executable_path/Frameworks",
				);
				PRODUCT_BUNDLE_IDENTIFIER = "com.taipeinerd.Part-of-Space";
				PRODUCT_NAME = "$(TARGET_NAME)";
				SWIFT_VERSION = 5.0;
				TARGETED_DEVICE_FAMILY = "1,2";
			};
			name = Release;
		};
/* End XCBuildConfiguration section */

/* Begin XCConfigurationList section */
		A1438F6226AACF8C00325CE4 /* Build configuration list for PBXProject "Part-of-Space" */ = {
			isa = XCConfigurationList;
			buildConfigurations = (
				A1438F7926AACF8D00325CE4 /* Debug */,
				A1438F7A26AACF8D00325CE4 /* Release */,
			);
			defaultConfigurationIsVisible = 0;
			defaultConfigurationName = Release;
		};
		A1438F7B26AACF8D00325CE4 /* Build configuration list for PBXNativeTarget "Part-of-Space" */ = {
			isa = XCConfigurationList;
			buildConfigurations = (
				A1438F7C26AACF8D00325CE4 /* Debug */,
				A1438F7D26AACF8D00325CE4 /* Release */,
			);
			defaultConfigurationIsVisible = 0;
			defaultConfigurationName = Release;
		};
/* End XCConfigurationList section */
	};
	rootObject = A1438F5F26AACF8C00325CE4 /* Project object */;
}
